# THIS IS AN AUTOGENERATED FILE. DO NOT EDIT THIS FILE DIRECTLY.
# yarn lockfile v1


"@faker-js/faker@^7.6.0":
  version "7.6.0"
  resolved "https://registry.yarnpkg.com/@faker-js/faker/-/faker-7.6.0.tgz#9ea331766084288634a9247fcd8b84f16ff4ba07"
  integrity sha512-XK6BTq1NDMo9Xqw/YkYyGjSsg44fbNwYRx7QK2CuoQgyy+f1rrTDHoExVM5PsyXCtfl2vs2vVJ0MN0yN6LppRw==

"@playwright/test@^1.26.1":
  version "1.26.1"
  resolved "https://registry.yarnpkg.com/@playwright/test/-/test-1.26.1.tgz#73ada4e70f618bca69ba7509c4ba65b5a41c4b10"
  integrity sha512-bNxyZASVt2adSZ9gbD7NCydzcb5JaI0OR9hc7s+nmPeH604gwp0zp17NNpwXY4c8nvuBGQQ9oGDx72LE+cUWvw==
  dependencies:
    "@types/node" "*"
    playwright-core "1.26.1"

"@types/node@*":
  version "18.8.3"
  resolved "https://registry.yarnpkg.com/@types/node/-/node-18.8.3.tgz#ce750ab4017effa51aed6a7230651778d54e327c"
  integrity sha512-0os9vz6BpGwxGe9LOhgP/ncvYN5Tx1fNcd2TM3rD/aCGBkysb+ZWpXEocG24h6ZzOi13+VB8HndAQFezsSOw1w==

basetag@^2.1.0:
  version "2.1.0"
  resolved "https://registry.yarnpkg.com/basetag/-/basetag-2.1.0.tgz#9c42af8379778abe7fd44daa31417322a82ccedd"
  integrity sha512-L77Q5OAAWEBxLxi8ExqZVJZ9BqzWq6tyq2QlFYKK2o2cI9l/HUk1KjowjLt3GB72Nchg+jV6ztiQT6agPy4quw==

playwright-core@1.26.1:
  version "1.26.1"
  resolved "https://registry.yarnpkg.com/playwright-core/-/playwright-core-1.26.1.tgz#a162f476488312dcf12638d97685144de6ada512"
  integrity sha512-hzFchhhxnEiPc4qVPs9q2ZR+5eKNifY2hQDHtg1HnTTUuphYCBP8ZRb2si+B1TR7BHirgXaPi48LIye5SgrLAA==
